github.com/hernan0073/go-modules v0.0.0-20231130134042-38edf6c728ea h1:pbz9FBJ715ZFlQdury/0JoztUlOWzpvi6nzUoiunCp4=
github.com/hernan0073/go-modules v0.0.0-20231130134042-38edf6c728ea/go.mod h1:t50/ZNLRPR74lDvJaK8vamwHO5RZtQb2omXpZpSZqKc=
github.com/hernan0073/go-modules v0.2.0 h1:9bNBG+ppWDv6nkT0XEvcD7pie0rU90fDcQaz0P6CGsk=
github.com/hernan0073/go-modules v0.2.0/go.mod h1:t50/ZNLRPR74lDvJaK8vamwHO5RZtQb2omXpZpSZqKc=
